Microsoft Visual Studio Solution File, Format Version 8.00
Project("{8BC9CEB8-8B4A-11D0-8D11-00A0C91BC942}") = "MidPointEllipse", "MidPointEllipse.vcproj", "{43B4BF09-6159-4DA5-B401-7CDB9767CA13}"
	ProjectSection(ProjectDependencies) = postProject
	EndProjectSection
EndProject
Global
	GlobalSection(SolutionConfiguration) = preSolution
		Debug = Debug
		Release = Release
	EndGlobalSection
	GlobalSection(ProjectConfiguration) = postSolution
		{43B4BF09-6159-4DA5-B401-7CDB9767CA13}.Debug.ActiveCfg = Debug|Win32
		{43B4BF09-6159-4DA5-B401-7CDB9767CA13}.Debug.Build.0 = Debug|Win32
		{43B4BF09-6159-4DA5-B401-7CDB9767CA13}.Release.ActiveCfg = Release|Win32
		{43B4BF09-6159-4DA5-B401-7CDB9767CA13}.Release.Build.0 = Release|Win32
	EndGlobalSection
	GlobalSection(ExtensibilityGlobals) = postSolution
	EndGlobalSection
	GlobalSection(ExtensibilityAddIns) = postSolution
	EndGlobalSection
EndGlobal
