Microsoft Visual Studio Solution File, Format Version 8.00
Project("{8BC9CEB8-8B4A-11D0-8D11-00A0C91BC942}") = "BezierFill", "BezierFill.vcproj", "{72F232B0-C154-4975-88C5-4EDDADE3641C}"
	ProjectSection(ProjectDependencies) = postProject
	EndProjectSection
EndProject
Global
	GlobalSection(SolutionConfiguration) = preSolution
		Debug = Debug
		Release = Release
	EndGlobalSection
	GlobalSection(ProjectConfiguration) = postSolution
		{72F232B0-C154-4975-88C5-4EDDADE3641C}.Debug.ActiveCfg = Debug|Win32
		{72F232B0-C154-4975-88C5-4EDDADE3641C}.Debug.Build.0 = Debug|Win32
		{72F232B0-C154-4975-88C5-4EDDADE3641C}.Release.ActiveCfg = Release|Win32
		{72F232B0-C154-4975-88C5-4EDDADE3641C}.Release.Build.0 = Release|Win32
	EndGlobalSection
	GlobalSection(ExtensibilityGlobals) = postSolution
	EndGlobalSection
	GlobalSection(ExtensibilityAddIns) = postSolution
	EndGlobalSection
EndGlobal
