
Microsoft Visual Studio Solution File, Format Version 12.00
# Visual Studio 2012
Project("{8BC9CEB8-8B4A-11D0-8D11-00A0C91BC942}") = "Gamepro1", "E:\MFC\Gamepro1\Gamepro1.vcxproj", "{2771B1C2-91DF-4554-9F01-B88326C01FAD}"
EndProject
Global
	GlobalSection(SolutionConfigurationPlatforms) = preSolution
		Debug|Win32 = Debug|Win32
		Release|Win32 = Release|Win32
	EndGlobalSection
	GlobalSection(ProjectConfigurationPlatforms) = postSolution
		{2771B1C2-91DF-4554-9F01-B88326C01FAD}.Debug|Win32.ActiveCfg = Debug|Win32
		{2771B1C2-91DF-4554-9F01-B88326C01FAD}.Debug|Win32.Build.0 = Debug|Win32
		{2771B1C2-91DF-4554-9F01-B88326C01FAD}.Release|Win32.ActiveCfg = Release|Win32
		{2771B1C2-91DF-4554-9F01-B88326C01FAD}.Release|Win32.Build.0 = Release|Win32
	EndGlobalSection
	GlobalSection(SolutionProperties) = preSolution
		HideSolutionNode = FALSE
	EndGlobalSection
EndGlobal
